
Microsoft Visual Studio Solution File, Format Version 12.00
# Visual Studio Version 16
VisualStudioVersion = 16.0.30523.141
MinimumVisualStudioVersion = 10.0.40219.1
Project("{9A19103F-16F7-4668-BE54-9A1E7A4F7556}") = "LRUCache", "LRUCache\LRUCache.csproj", "{28300EA6-0A22-4BE3-AEE9-7659C87E3678}"
EndProject
Project("{9A19103F-16F7-4668-BE54-9A1E7A4F7556}") = "LRUCacheTests", "LRUCacheTests\LRUCacheTests.csproj", "{EEBEDDC2-3DF9-4BE9-9AD4-5BD742FBBCFB}"
EndProject
Project("{2150E333-8FDC-42A3-9474-1A3956D46DE8}") = "Solution Items", "Solution Items", "{2F0EBED5-7F72-4BD5-BB2B-674463AC61E4}"
	ProjectSection(SolutionItems) = preProject
		.gitattributes = .gitattributes
		.gitignore = .gitignore
		LICENSE = LICENSE
		README.md = README.md
	EndProjectSection
EndProject
Project("{8BC9CEB8-8B4A-11D0-8D11-00A0C91BC942}") = "LRUCacheCPP", "LRUCacheCPP\LRUCacheCPP.vcxproj", "{05AC3F4B-5499-4CCD-9ADA-3AE8A0A2CB4D}"
EndProject
Global
	GlobalSection(SolutionConfigurationPlatforms) = preSolution
		Debug|Any CPU = Debug|Any CPU
		Debug|x64 = Debug|x64
		Debug|x86 = Debug|x86
		Release|Any CPU = Release|Any CPU
		Release|x64 = Release|x64
		Release|x86 = Release|x86
	EndGlobalSection
	GlobalSection(ProjectConfigurationPlatforms) = postSolution
		{28300EA6-0A22-4BE3-AEE9-7659C87E3678}.Debug|Any CPU.ActiveCfg = Debug|Any CPU
		{28300EA6-0A22-4BE3-AEE9-7659C87E3678}.Debug|Any CPU.Build.0 = Debug|Any CPU
		{28300EA6-0A22-4BE3-AEE9-7659C87E3678}.Debug|x64.ActiveCfg = Debug|Any CPU
		{28300EA6-0A22-4BE3-AEE9-7659C87E3678}.Debug|x64.Build.0 = Debug|Any CPU
		{28300EA6-0A22-4BE3-AEE9-7659C87E3678}.Debug|x86.ActiveCfg = Debug|Any CPU
		{28300EA6-0A22-4BE3-AEE9-7659C87E3678}.Debug|x86.Build.0 = Debug|Any CPU
		{28300EA6-0A22-4BE3-AEE9-7659C87E3678}.Release|Any CPU.ActiveCfg = Release|Any CPU
		{28300EA6-0A22-4BE3-AEE9-7659C87E3678}.Release|Any CPU.Build.0 = Release|Any CPU
		{28300EA6-0A22-4BE3-AEE9-7659C87E3678}.Release|x64.ActiveCfg = Release|Any CPU
		{28300EA6-0A22-4BE3-AEE9-7659C87E3678}.Release|x64.Build.0 = Release|Any CPU
		{28300EA6-0A22-4BE3-AEE9-7659C87E3678}.Release|x86.ActiveCfg = Release|Any CPU
		{28300EA6-0A22-4BE3-AEE9-7659C87E3678}.Release|x86.Build.0 = Release|Any CPU
		{EEBEDDC2-3DF9-4BE9-9AD4-5BD742FBBCFB}.Debug|Any CPU.ActiveCfg = Debug|Any CPU
		{EEBEDDC2-3DF9-4BE9-9AD4-5BD742FBBCFB}.Debug|Any CPU.Build.0 = Debug|Any CPU
		{EEBEDDC2-3DF9-4BE9-9AD4-5BD742FBBCFB}.Debug|x64.ActiveCfg = Debug|Any CPU
		{EEBEDDC2-3DF9-4BE9-9AD4-5BD742FBBCFB}.Debug|x64.Build.0 = Debug|Any CPU
		{EEBEDDC2-3DF9-4BE9-9AD4-5BD742FBBCFB}.Debug|x86.ActiveCfg = Debug|Any CPU
		{EEBEDDC2-3DF9-4BE9-9AD4-5BD742FBBCFB}.Debug|x86.Build.0 = Debug|Any CPU
		{EEBEDDC2-3DF9-4BE9-9AD4-5BD742FBBCFB}.Release|Any CPU.ActiveCfg = Release|Any CPU
		{EEBEDDC2-3DF9-4BE9-9AD4-5BD742FBBCFB}.Release|Any CPU.Build.0 = Release|Any CPU
		{EEBEDDC2-3DF9-4BE9-9AD4-5BD742FBBCFB}.Release|x64.ActiveCfg = Release|Any CPU
		{EEBEDDC2-3DF9-4BE9-9AD4-5BD742FBBCFB}.Release|x64.Build.0 = Release|Any CPU
		{EEBEDDC2-3DF9-4BE9-9AD4-5BD742FBBCFB}.Release|x86.ActiveCfg = Release|Any CPU
		{EEBEDDC2-3DF9-4BE9-9AD4-5BD742FBBCFB}.Release|x86.Build.0 = Release|Any CPU
		{05AC3F4B-5499-4CCD-9ADA-3AE8A0A2CB4D}.Debug|Any CPU.ActiveCfg = Debug|Win32
		{05AC3F4B-5499-4CCD-9ADA-3AE8A0A2CB4D}.Debug|x64.ActiveCfg = Debug|x64
		{05AC3F4B-5499-4CCD-9ADA-3AE8A0A2CB4D}.Debug|x64.Build.0 = Debug|x64
		{05AC3F4B-5499-4CCD-9ADA-3AE8A0A2CB4D}.Debug|x86.ActiveCfg = Debug|Win32
		{05AC3F4B-5499-4CCD-9ADA-3AE8A0A2CB4D}.Debug|x86.Build.0 = Debug|Win32
		{05AC3F4B-5499-4CCD-9ADA-3AE8A0A2CB4D}.Release|Any CPU.ActiveCfg = Release|Win32
		{05AC3F4B-5499-4CCD-9ADA-3AE8A0A2CB4D}.Release|x64.ActiveCfg = Release|x64
		{05AC3F4B-5499-4CCD-9ADA-3AE8A0A2CB4D}.Release|x64.Build.0 = Release|x64
		{05AC3F4B-5499-4CCD-9ADA-3AE8A0A2CB4D}.Release|x86.ActiveCfg = Release|Win32
		{05AC3F4B-5499-4CCD-9ADA-3AE8A0A2CB4D}.Release|x86.Build.0 = Release|Win32
	EndGlobalSection
	GlobalSection(SolutionProperties) = preSolution
		HideSolutionNode = FALSE
	EndGlobalSection
	GlobalSection(ExtensibilityGlobals) = postSolution
		SolutionGuid = {8E1E11B6-441E-437A-8C9D-2908F4DDA2B4}
	EndGlobalSection
EndGlobal
